# This file is automatically @generated by Cargo.
# It is not intended for manual editing.
version = 4

[[package]]
name = "proc-macro2"
version = "1.0.107"
source = "registry+https://github.com/rust-lang/crates.io-index"
checksum = "985e7ec9bb745e6ce6535b544d84d6cd6f7ad8bd711c398938ae983b91a766d9"
dependencies = [
 "unicode-ident",
]

[[package]]
name = "quote"
version = "1.0.47"
source = "registry+https://github.com/rust-lang/crates.io-index"
checksum = "1fbf4db142a473a8d80c26bbf18454ed458bf8d26c8219c331daecfdbd079001"
dependencies = [
 "proc-macro2",
]

[[package]]
name = "scah"
version = "0.1.0"
source = "registry+https://github.com/rust-lang/crates.io-index"
checksum = "21e2ca17793b0129c1e050726ac06aaa2d61896cad24065daca018974dac9728"
dependencies = [
 "scah-macros 0.1.0",
 "scah-query-ir 0.1.0",
 "scah-reader 0.1.0",
 "smallvec",
]

[[package]]
name = "scah"
version = "0.2.0-dev"
dependencies = [
 "scah-macros 0.2.0-dev",
 "scah-query-ir 0.2.0-dev",
 "scah-reader 0.2.0-dev",
 "simdlex",
 "smallvec",
]

[[package]]
name = "scah-differential"
version = "0.0.0"
dependencies = [
 "scah 0.1.0",
 "scah 0.2.0-dev",
]

[[package]]
name = "scah-macros"
version = "0.1.0"
source = "registry+https://github.com/rust-lang/crates.io-index"
checksum = "94dbf415cf9939569473dd5b96069b81132e700e4163ac10762410f40ee7b3a7"
dependencies = [
 "proc-macro2",
 "quote",
 "scah-query-ir 0.1.0",
 "syn",
]

[[package]]
name = "scah-macros"
version = "0.2.0-dev"
dependencies = [
 "proc-macro2",
 "quote",
 "scah-query-ir 0.2.0-dev",
 "syn",
]

[[package]]
name = "scah-query-ir"
version = "0.1.0"
source = "registry+https://github.com/rust-lang/crates.io-index"
checksum = "48d2ed2c64cd940a2a32ca341d632089371168039a50991ee8dad9e0a4ab20b3"
dependencies = [
 "scah-reader 0.1.0",
 "smallvec",
]

[[package]]
name = "scah-query-ir"
version = "0.2.0-dev"
dependencies = [
 "scah-reader 0.2.0-dev",
 "smallvec",
]

[[package]]
name = "scah-reader"
version = "0.1.0"
source = "registry+https://github.com/rust-lang/crates.io-index"
checksum = "32b092b587ee15027ab003aec183b5a3891d3cd39876e1571f42f4ce77fcb01e"

[[package]]
name = "scah-reader"
version = "0.2.0-dev"

[[package]]
name = "simdlex"
version = "0.1.0"
source = "git+https://github.com/zacharyvmm/simdlex?branch=main#91e9353a8bbd1a67306c2efc9a9b9cecc0990c51"
dependencies = [
 "simdlex-index",
 "simdlex-tablegen",
]

[[package]]
name = "simdlex-index"
version = "0.1.0"
source = "git+https://github.com/zacharyvmm/simdlex?branch=main#91e9353a8bbd1a67306c2efc9a9b9cecc0990c51"

[[package]]
name = "simdlex-tablegen"
version = "0.1.0"
source = "git+https://github.com/zacharyvmm/simdlex?branch=main#91e9353a8bbd1a67306c2efc9a9b9cecc0990c51"

[[package]]
name = "smallvec"
version = "1.16.2"
source = "registry+https://github.com/rust-lang/crates.io-index"
checksum = "f9395f0f0eee849a9b707b2f06bb92a6a422090e2123bb2ef8e87a0e61892a8e"

[[package]]
name = "syn"
version = "2.0.119"
source = "registry+https://github.com/rust-lang/crates.io-index"
checksum = "872831b642d1a07999a962a351ed35b955ea2cfc8f3862091e2a240a84f17297"
dependencies = [
 "proc-macro2",
 "quote",
 "unicode-ident",
]

[[package]]
name = "unicode-ident"
version = "1.0.26"
source = "registry+https://github.com/rust-lang/crates.io-index"
checksum = "d245f478577f809a851594d02313b640fb437e0bb33866753cff937863096954"
